
Microsoft Visual Studio Solution File, Format Version 12.00
# Visual Studio Version 17
VisualStudioVersion = 17.4.33103.184
MinimumVisualStudioVersion = 10.0.40219.1
Project("{FAE04EC0-301F-11D3-BF4B-00C04F79EFBC}") = "alphabet_half_pyramid_p", "alphabet_half_pyramid_p\alphabet_half_pyramid_p.csproj", "{ABBC06AF-0A4A-43ED-841C-93D457AFF2D6}"
EndProject
Global
	GlobalSection(SolutionConfigurationPlatforms) = preSolution
		Debug|Any CPU = Debug|Any CPU
		Release|Any CPU = Release|Any CPU
	EndGlobalSection
	GlobalSection(ProjectConfigurationPlatforms) = postSolution
		{ABBC06AF-0A4A-43ED-841C-93D457AFF2D6}.Debug|Any CPU.ActiveCfg = Debug|Any CPU
		{ABBC06AF-0A4A-43ED-841C-93D457AFF2D6}.Debug|Any CPU.Build.0 = Debug|Any CPU
		{ABBC06AF-0A4A-43ED-841C-93D457AFF2D6}.Release|Any CPU.ActiveCfg = Release|Any CPU
		{ABBC06AF-0A4A-43ED-841C-93D457AFF2D6}.Release|Any CPU.Build.0 = Release|Any CPU
	EndGlobalSection
	GlobalSection(SolutionProperties) = preSolution
		HideSolutionNode = FALSE
	EndGlobalSection
	GlobalSection(ExtensibilityGlobals) = postSolution
		SolutionGuid = {537A4CCF-CE83-4980-8917-51D19AEF99E9}
	EndGlobalSection
EndGlobal
