
Microsoft Visual Studio Solution File, Format Version 12.00
# Visual Studio Version 17
VisualStudioVersion = 17.4.33103.184
MinimumVisualStudioVersion = 10.0.40219.1
Project("{FAE04EC0-301F-11D3-BF4B-00C04F79EFBC}") = "abbrevation_p", "abbrevation_p\abbrevation_p.csproj", "{F3A2A457-1507-4461-9D21-5BAF41C9E2E4}"
EndProject
Global
	GlobalSection(SolutionConfigurationPlatforms) = preSolution
		Debug|Any CPU = Debug|Any CPU
		Release|Any CPU = Release|Any CPU
	EndGlobalSection
	GlobalSection(ProjectConfigurationPlatforms) = postSolution
		{F3A2A457-1507-4461-9D21-5BAF41C9E2E4}.Debug|Any CPU.ActiveCfg = Debug|Any CPU
		{F3A2A457-1507-4461-9D21-5BAF41C9E2E4}.Debug|Any CPU.Build.0 = Debug|Any CPU
		{F3A2A457-1507-4461-9D21-5BAF41C9E2E4}.Release|Any CPU.ActiveCfg = Release|Any CPU
		{F3A2A457-1507-4461-9D21-5BAF41C9E2E4}.Release|Any CPU.Build.0 = Release|Any CPU
	EndGlobalSection
	GlobalSection(SolutionProperties) = preSolution
		HideSolutionNode = FALSE
	EndGlobalSection
	GlobalSection(ExtensibilityGlobals) = postSolution
		SolutionGuid = {CB3A0C51-F342-4099-85BB-033DF6CFA9F8}
	EndGlobalSection
EndGlobal
