
Microsoft Visual Studio Solution File, Format Version 12.00
# Visual Studio Version 17
VisualStudioVersion = 17.4.33103.184
MinimumVisualStudioVersion = 10.0.40219.1
Project("{FAE04EC0-301F-11D3-BF4B-00C04F79EFBC}") = "array_project", "array_project\array_project.csproj", "{D24C814A-EF76-4011-9A63-AAD154D11328}"
EndProject
Global
	GlobalSection(SolutionConfigurationPlatforms) = preSolution
		Debug|Any CPU = Debug|Any CPU
		Release|Any CPU = Release|Any CPU
	EndGlobalSection
	GlobalSection(ProjectConfigurationPlatforms) = postSolution
		{D24C814A-EF76-4011-9A63-AAD154D11328}.Debug|Any CPU.ActiveCfg = Debug|Any CPU
		{D24C814A-EF76-4011-9A63-AAD154D11328}.Debug|Any CPU.Build.0 = Debug|Any CPU
		{D24C814A-EF76-4011-9A63-AAD154D11328}.Release|Any CPU.ActiveCfg = Release|Any CPU
		{D24C814A-EF76-4011-9A63-AAD154D11328}.Release|Any CPU.Build.0 = Release|Any CPU
	EndGlobalSection
	GlobalSection(SolutionProperties) = preSolution
		HideSolutionNode = FALSE
	EndGlobalSection
	GlobalSection(ExtensibilityGlobals) = postSolution
		SolutionGuid = {545B074C-31DC-47E8-B5DF-2A5DAFF658DA}
	EndGlobalSection
EndGlobal
