
Microsoft Visual Studio Solution File, Format Version 12.00
# Visual Studio Version 17
VisualStudioVersion = 17.4.33103.184
MinimumVisualStudioVersion = 10.0.40219.1
Project("{FAE04EC0-301F-11D3-BF4B-00C04F79EFBC}") = "reverse_half_pyramid_p", "reverse_half_pyramid_p\reverse_half_pyramid_p.csproj", "{02CED0CB-2A13-47CE-9942-5F11985289B7}"
EndProject
Global
	GlobalSection(SolutionConfigurationPlatforms) = preSolution
		Debug|Any CPU = Debug|Any CPU
		Release|Any CPU = Release|Any CPU
	EndGlobalSection
	GlobalSection(ProjectConfigurationPlatforms) = postSolution
		{02CED0CB-2A13-47CE-9942-5F11985289B7}.Debug|Any CPU.ActiveCfg = Debug|Any CPU
		{02CED0CB-2A13-47CE-9942-5F11985289B7}.Debug|Any CPU.Build.0 = Debug|Any CPU
		{02CED0CB-2A13-47CE-9942-5F11985289B7}.Release|Any CPU.ActiveCfg = Release|Any CPU
		{02CED0CB-2A13-47CE-9942-5F11985289B7}.Release|Any CPU.Build.0 = Release|Any CPU
	EndGlobalSection
	GlobalSection(SolutionProperties) = preSolution
		HideSolutionNode = FALSE
	EndGlobalSection
	GlobalSection(ExtensibilityGlobals) = postSolution
		SolutionGuid = {7B66881F-237E-46F7-9A3F-29AFD9A2F821}
	EndGlobalSection
EndGlobal
