
Microsoft Visual Studio Solution File, Format Version 12.00
# Visual Studio Version 17
VisualStudioVersion = 17.4.33103.184
MinimumVisualStudioVersion = 10.0.40219.1
Project("{FAE04EC0-301F-11D3-BF4B-00C04F79EFBC}") = "sum_of_digits_of_a_number_p", "sum_of_digits_of_a_number_p\sum_of_digits_of_a_number_p.csproj", "{F6882021-2D02-43E3-96B4-7C684328F8E6}"
EndProject
Global
	GlobalSection(SolutionConfigurationPlatforms) = preSolution
		Debug|Any CPU = Debug|Any CPU
		Release|Any CPU = Release|Any CPU
	EndGlobalSection
	GlobalSection(ProjectConfigurationPlatforms) = postSolution
		{F6882021-2D02-43E3-96B4-7C684328F8E6}.Debug|Any CPU.ActiveCfg = Debug|Any CPU
		{F6882021-2D02-43E3-96B4-7C684328F8E6}.Debug|Any CPU.Build.0 = Debug|Any CPU
		{F6882021-2D02-43E3-96B4-7C684328F8E6}.Release|Any CPU.ActiveCfg = Release|Any CPU
		{F6882021-2D02-43E3-96B4-7C684328F8E6}.Release|Any CPU.Build.0 = Release|Any CPU
	EndGlobalSection
	GlobalSection(SolutionProperties) = preSolution
		HideSolutionNode = FALSE
	EndGlobalSection
	GlobalSection(ExtensibilityGlobals) = postSolution
		SolutionGuid = {61E622FD-B49C-4430-A8FB-772566EC8AF3}
	EndGlobalSection
EndGlobal
