
Microsoft Visual Studio Solution File, Format Version 12.00
# Visual Studio Version 17
VisualStudioVersion = 17.4.33103.184
MinimumVisualStudioVersion = 10.0.40219.1
Project("{FAE04EC0-301F-11D3-BF4B-00C04F79EFBC}") = "magic_number_p", "magic_number_p\magic_number_p.csproj", "{2AC95A8F-06A1-43B1-9F78-BC66E2486519}"
EndProject
Global
	GlobalSection(SolutionConfigurationPlatforms) = preSolution
		Debug|Any CPU = Debug|Any CPU
		Release|Any CPU = Release|Any CPU
	EndGlobalSection
	GlobalSection(ProjectConfigurationPlatforms) = postSolution
		{2AC95A8F-06A1-43B1-9F78-BC66E2486519}.Debug|Any CPU.ActiveCfg = Debug|Any CPU
		{2AC95A8F-06A1-43B1-9F78-BC66E2486519}.Debug|Any CPU.Build.0 = Debug|Any CPU
		{2AC95A8F-06A1-43B1-9F78-BC66E2486519}.Release|Any CPU.ActiveCfg = Release|Any CPU
		{2AC95A8F-06A1-43B1-9F78-BC66E2486519}.Release|Any CPU.Build.0 = Release|Any CPU
	EndGlobalSection
	GlobalSection(SolutionProperties) = preSolution
		HideSolutionNode = FALSE
	EndGlobalSection
	GlobalSection(ExtensibilityGlobals) = postSolution
		SolutionGuid = {C6AB7655-BDF7-4EA1-8C39-11C70D2441B5}
	EndGlobalSection
EndGlobal
