
Microsoft Visual Studio Solution File, Format Version 12.00
# Visual Studio Version 17
VisualStudioVersion = 17.4.33103.184
MinimumVisualStudioVersion = 10.0.40219.1
Project("{FAE04EC0-301F-11D3-BF4B-00C04F79EFBC}") = "encoding_p", "encoding_p\encoding_p.csproj", "{024CD462-515F-4924-B705-DB78C4D22F68}"
EndProject
Global
	GlobalSection(SolutionConfigurationPlatforms) = preSolution
		Debug|Any CPU = Debug|Any CPU
		Release|Any CPU = Release|Any CPU
	EndGlobalSection
	GlobalSection(ProjectConfigurationPlatforms) = postSolution
		{024CD462-515F-4924-B705-DB78C4D22F68}.Debug|Any CPU.ActiveCfg = Debug|Any CPU
		{024CD462-515F-4924-B705-DB78C4D22F68}.Debug|Any CPU.Build.0 = Debug|Any CPU
		{024CD462-515F-4924-B705-DB78C4D22F68}.Release|Any CPU.ActiveCfg = Release|Any CPU
		{024CD462-515F-4924-B705-DB78C4D22F68}.Release|Any CPU.Build.0 = Release|Any CPU
	EndGlobalSection
	GlobalSection(SolutionProperties) = preSolution
		HideSolutionNode = FALSE
	EndGlobalSection
	GlobalSection(ExtensibilityGlobals) = postSolution
		SolutionGuid = {2FBD81D3-170D-4C27-B8F5-990C7B119173}
	EndGlobalSection
EndGlobal
