
Microsoft Visual Studio Solution File, Format Version 12.00
# Visual Studio Version 17
VisualStudioVersion = 17.4.33103.184
MinimumVisualStudioVersion = 10.0.40219.1
Project("{FAE04EC0-301F-11D3-BF4B-00C04F79EFBC}") = "repeated_char_in_string_p", "repeated_char_in_string_p\repeated_char_in_string_p.csproj", "{3EB1C40E-5AC6-430E-81DE-1BCBAFA3569D}"
EndProject
Global
	GlobalSection(SolutionConfigurationPlatforms) = preSolution
		Debug|Any CPU = Debug|Any CPU
		Release|Any CPU = Release|Any CPU
	EndGlobalSection
	GlobalSection(ProjectConfigurationPlatforms) = postSolution
		{3EB1C40E-5AC6-430E-81DE-1BCBAFA3569D}.Debug|Any CPU.ActiveCfg = Debug|Any CPU
		{3EB1C40E-5AC6-430E-81DE-1BCBAFA3569D}.Debug|Any CPU.Build.0 = Debug|Any CPU
		{3EB1C40E-5AC6-430E-81DE-1BCBAFA3569D}.Release|Any CPU.ActiveCfg = Release|Any CPU
		{3EB1C40E-5AC6-430E-81DE-1BCBAFA3569D}.Release|Any CPU.Build.0 = Release|Any CPU
	EndGlobalSection
	GlobalSection(SolutionProperties) = preSolution
		HideSolutionNode = FALSE
	EndGlobalSection
	GlobalSection(ExtensibilityGlobals) = postSolution
		SolutionGuid = {5141C75E-C867-445A-93F9-BDD5DB32581F}
	EndGlobalSection
EndGlobal
