
Microsoft Visual Studio Solution File, Format Version 12.00
# Visual Studio Version 17
VisualStudioVersion = 17.4.33103.184
MinimumVisualStudioVersion = 10.0.40219.1
Project("{FAE04EC0-301F-11D3-BF4B-00C04F79EFBC}") = "two_dimensional_array_operations(p)", "two_dimensional_array_operations(p)\two_dimensional_array_operations(p).csproj", "{1E7DA213-9B58-4C7D-B143-B40EF8A15543}"
EndProject
Global
	GlobalSection(SolutionConfigurationPlatforms) = preSolution
		Debug|Any CPU = Debug|Any CPU
		Release|Any CPU = Release|Any CPU
	EndGlobalSection
	GlobalSection(ProjectConfigurationPlatforms) = postSolution
		{1E7DA213-9B58-4C7D-B143-B40EF8A15543}.Debug|Any CPU.ActiveCfg = Debug|Any CPU
		{1E7DA213-9B58-4C7D-B143-B40EF8A15543}.Debug|Any CPU.Build.0 = Debug|Any CPU
		{1E7DA213-9B58-4C7D-B143-B40EF8A15543}.Release|Any CPU.ActiveCfg = Release|Any CPU
		{1E7DA213-9B58-4C7D-B143-B40EF8A15543}.Release|Any CPU.Build.0 = Release|Any CPU
	EndGlobalSection
	GlobalSection(SolutionProperties) = preSolution
		HideSolutionNode = FALSE
	EndGlobalSection
	GlobalSection(ExtensibilityGlobals) = postSolution
		SolutionGuid = {42DAF3E4-EAF9-48F2-87E1-1DD6FE71AA16}
	EndGlobalSection
EndGlobal
