
Microsoft Visual Studio Solution File, Format Version 12.00
# Visual Studio Version 17
VisualStudioVersion = 17.4.33103.184
MinimumVisualStudioVersion = 10.0.40219.1
Project("{FAE04EC0-301F-11D3-BF4B-00C04F79EFBC}") = "two_string_encoding_p", "two_string_encoding_p\two_string_encoding_p.csproj", "{C09728A8-7159-4DA0-8213-ACAD1CC98047}"
EndProject
Global
	GlobalSection(SolutionConfigurationPlatforms) = preSolution
		Debug|Any CPU = Debug|Any CPU
		Release|Any CPU = Release|Any CPU
	EndGlobalSection
	GlobalSection(ProjectConfigurationPlatforms) = postSolution
		{C09728A8-7159-4DA0-8213-ACAD1CC98047}.Debug|Any CPU.ActiveCfg = Debug|Any CPU
		{C09728A8-7159-4DA0-8213-ACAD1CC98047}.Debug|Any CPU.Build.0 = Debug|Any CPU
		{C09728A8-7159-4DA0-8213-ACAD1CC98047}.Release|Any CPU.ActiveCfg = Release|Any CPU
		{C09728A8-7159-4DA0-8213-ACAD1CC98047}.Release|Any CPU.Build.0 = Release|Any CPU
	EndGlobalSection
	GlobalSection(SolutionProperties) = preSolution
		HideSolutionNode = FALSE
	EndGlobalSection
	GlobalSection(ExtensibilityGlobals) = postSolution
		SolutionGuid = {1AD62D15-BFA4-4E45-9998-2EED0F96F916}
	EndGlobalSection
EndGlobal
