
Microsoft Visual Studio Solution File, Format Version 12.00
# Visual Studio Version 17
VisualStudioVersion = 17.4.33103.184
MinimumVisualStudioVersion = 10.0.40219.1
Project("{FAE04EC0-301F-11D3-BF4B-00C04F79EFBC}") = "numbers_pyramid_1_p", "numbers_pyramid_1_p\numbers_pyramid_1_p.csproj", "{624750C1-80D9-4E05-AFE9-617470CA7723}"
EndProject
Global
	GlobalSection(SolutionConfigurationPlatforms) = preSolution
		Debug|Any CPU = Debug|Any CPU
		Release|Any CPU = Release|Any CPU
	EndGlobalSection
	GlobalSection(ProjectConfigurationPlatforms) = postSolution
		{624750C1-80D9-4E05-AFE9-617470CA7723}.Debug|Any CPU.ActiveCfg = Debug|Any CPU
		{624750C1-80D9-4E05-AFE9-617470CA7723}.Debug|Any CPU.Build.0 = Debug|Any CPU
		{624750C1-80D9-4E05-AFE9-617470CA7723}.Release|Any CPU.ActiveCfg = Release|Any CPU
		{624750C1-80D9-4E05-AFE9-617470CA7723}.Release|Any CPU.Build.0 = Release|Any CPU
	EndGlobalSection
	GlobalSection(SolutionProperties) = preSolution
		HideSolutionNode = FALSE
	EndGlobalSection
	GlobalSection(ExtensibilityGlobals) = postSolution
		SolutionGuid = {D972242F-EC40-4349-ACEB-55036D9C8C3F}
	EndGlobalSection
EndGlobal
