
Microsoft Visual Studio Solution File, Format Version 12.00
# Visual Studio Version 17
VisualStudioVersion = 17.4.33103.184
MinimumVisualStudioVersion = 10.0.40219.1
Project("{FAE04EC0-301F-11D3-BF4B-00C04F79EFBC}") = "simple_number_half_pyramid_p", "simple_number_half_pyramid_p\simple_number_half_pyramid_p.csproj", "{039F09A7-1BC9-4F5A-8CFD-C07FC4D7B82B}"
EndProject
Global
	GlobalSection(SolutionConfigurationPlatforms) = preSolution
		Debug|Any CPU = Debug|Any CPU
		Release|Any CPU = Release|Any CPU
	EndGlobalSection
	GlobalSection(ProjectConfigurationPlatforms) = postSolution
		{039F09A7-1BC9-4F5A-8CFD-C07FC4D7B82B}.Debug|Any CPU.ActiveCfg = Debug|Any CPU
		{039F09A7-1BC9-4F5A-8CFD-C07FC4D7B82B}.Debug|Any CPU.Build.0 = Debug|Any CPU
		{039F09A7-1BC9-4F5A-8CFD-C07FC4D7B82B}.Release|Any CPU.ActiveCfg = Release|Any CPU
		{039F09A7-1BC9-4F5A-8CFD-C07FC4D7B82B}.Release|Any CPU.Build.0 = Release|Any CPU
	EndGlobalSection
	GlobalSection(SolutionProperties) = preSolution
		HideSolutionNode = FALSE
	EndGlobalSection
	GlobalSection(ExtensibilityGlobals) = postSolution
		SolutionGuid = {1CDE08C0-EBC0-4078-A87C-6B5B5A32FDE7}
	EndGlobalSection
EndGlobal
