
Microsoft Visual Studio Solution File, Format Version 12.00
# Visual Studio Version 17
VisualStudioVersion = 17.4.33103.184
MinimumVisualStudioVersion = 10.0.40219.1
Project("{FAE04EC0-301F-11D3-BF4B-00C04F79EFBC}") = "sort_int_array_p", "sort_int_array_p\sort_int_array_p.csproj", "{DE0687A3-4835-4E72-84AC-FC6DFCCF3311}"
EndProject
Global
	GlobalSection(SolutionConfigurationPlatforms) = preSolution
		Debug|Any CPU = Debug|Any CPU
		Release|Any CPU = Release|Any CPU
	EndGlobalSection
	GlobalSection(ProjectConfigurationPlatforms) = postSolution
		{DE0687A3-4835-4E72-84AC-FC6DFCCF3311}.Debug|Any CPU.ActiveCfg = Debug|Any CPU
		{DE0687A3-4835-4E72-84AC-FC6DFCCF3311}.Debug|Any CPU.Build.0 = Debug|Any CPU
		{DE0687A3-4835-4E72-84AC-FC6DFCCF3311}.Release|Any CPU.ActiveCfg = Release|Any CPU
		{DE0687A3-4835-4E72-84AC-FC6DFCCF3311}.Release|Any CPU.Build.0 = Release|Any CPU
	EndGlobalSection
	GlobalSection(SolutionProperties) = preSolution
		HideSolutionNode = FALSE
	EndGlobalSection
	GlobalSection(ExtensibilityGlobals) = postSolution
		SolutionGuid = {5DB9FA2C-A4DF-4AA9-B644-A372BF0E5373}
	EndGlobalSection
EndGlobal
