
Microsoft Visual Studio Solution File, Format Version 12.00
# Visual Studio Version 17
VisualStudioVersion = 17.4.33103.184
MinimumVisualStudioVersion = 10.0.40219.1
Project("{FAE04EC0-301F-11D3-BF4B-00C04F79EFBC}") = "mark_total_calculation_project", "mark_total_calculation_project\mark_total_calculation_project.csproj", "{7723A317-F17F-4FD5-8EB5-392677C8D5C5}"
EndProject
Global
	GlobalSection(SolutionConfigurationPlatforms) = preSolution
		Debug|Any CPU = Debug|Any CPU
		Release|Any CPU = Release|Any CPU
	EndGlobalSection
	GlobalSection(ProjectConfigurationPlatforms) = postSolution
		{7723A317-F17F-4FD5-8EB5-392677C8D5C5}.Debug|Any CPU.ActiveCfg = Debug|Any CPU
		{7723A317-F17F-4FD5-8EB5-392677C8D5C5}.Debug|Any CPU.Build.0 = Debug|Any CPU
		{7723A317-F17F-4FD5-8EB5-392677C8D5C5}.Release|Any CPU.ActiveCfg = Release|Any CPU
		{7723A317-F17F-4FD5-8EB5-392677C8D5C5}.Release|Any CPU.Build.0 = Release|Any CPU
	EndGlobalSection
	GlobalSection(SolutionProperties) = preSolution
		HideSolutionNode = FALSE
	EndGlobalSection
	GlobalSection(ExtensibilityGlobals) = postSolution
		SolutionGuid = {7BEAE055-16AC-4B25-8F78-57926228A26B}
	EndGlobalSection
EndGlobal
